
Microsoft Visual Studio Solution File, Format Version 12.00
# Visual Studio Version 16
VisualStudioVersion = 16.0.29209.152
MinimumVisualStudioVersion = 10.0.40219.1
Project("{FAE04EC0-301F-11D3-BF4B-00C04F79EFBC}") = "EmoteRouter", "EmoteRouter\EmoteRouter.csproj", "{F8EE4CE8-E43A-4D35-88EB-2A2E4E063EC8}"
EndProject
Global
	GlobalSection(SolutionConfigurationPlatforms) = preSolution
		Debug|Any CPU = Debug|Any CPU
		Release|Any CPU = Release|Any CPU
	EndGlobalSection
	GlobalSection(ProjectConfigurationPlatforms) = postSolution
		{F8EE4CE8-E43A-4D35-88EB-2A2E4E063EC8}.Debug|Any CPU.ActiveCfg = Debug|Any CPU
		{F8EE4CE8-E43A-4D35-88EB-2A2E4E063EC8}.Debug|Any CPU.Build.0 = Debug|Any CPU
		{F8EE4CE8-E43A-4D35-88EB-2A2E4E063EC8}.Release|Any CPU.ActiveCfg = Release|Any CPU
		{F8EE4CE8-E43A-4D35-88EB-2A2E4E063EC8}.Release|Any CPU.Build.0 = Release|Any CPU
	EndGlobalSection
	GlobalSection(SolutionProperties) = preSolution
		HideSolutionNode = FALSE
	EndGlobalSection
	GlobalSection(ExtensibilityGlobals) = postSolution
		SolutionGuid = {C3B25CA1-4AE6-4FBA-938A-FC0C1861804E}
	EndGlobalSection
EndGlobal
